// !$*UTF8*$!
{
	archiveVersion = 1;
	classes = {
	};
	objectVersion = 46;
	objects = {

/* Begin PBXBuildFile section */
		1A78546A1E5D605D00C89EFF /* Assets.xcassets in Resources */ = {isa = PBXBuildFile; fileRef = 1A7854691E5D605D00C89EFF /* Assets.xcassets */; };
		1A7854711E5D605D00C89EFF /* MessagesExtension.appex in Embed App Extensions */ = {isa = PBXBuildFile; fileRef = 1A7854701E5D605D00C89EFF /* MessagesExtension.appex */; settings = {ATTRIBUTES = (RemoveHeadersOnCopy, ); }; };
		1A7854761E5D605D00C89EFF /* Messages.framework in Frameworks */ = {isa = PBXBuildFile; fileRef = 1A7854751E5D605D00C89EFF /* Messages.framework */; };
		1A7854791E5D605D00C89EFF /* MessagesViewController.swift in Sources */ = {isa = PBXBuildFile; fileRef = 1A7854781E5D605D00C89EFF /* MessagesViewController.swift */; };
		1A78547C1E5D605D00C89EFF /* MainInterface.storyboard in Resources */ = {isa = PBXBuildFile; fileRef = 1A78547A1E5D605D00C89EFF /* MainInterface.storyboard */; };
		1A78547E1E5D605D00C89EFF /* Assets.xcassets in Resources */ = {isa = PBXBuildFile; fileRef = 1A78547D1E5D605D00C89EFF /* Assets.xcassets */; };
		1A78548A1E5D891300C89EFF /* GameBoard.swift in Sources */ = {isa = PBXBuildFile; fileRef = 1A7854891E5D891300C89EFF /* GameBoard.swift */; };
		1A78548E1E60A17D00C89EFF /* chocolate.png in Resources */ = {isa = PBXBuildFile; fileRef = 1A78548D1E60A17D00C89EFF /* chocolate.png */; };
/* End PBXBuildFile section */

/* Begin PBXContainerItemProxy section */
		1A7854721E5D605D00C89EFF /* PBXContainerItemProxy */ = {
			isa = PBXContainerItemProxy;
			containerPortal = 1A7854601E5D605D00C89EFF /* Project object */;
			proxyType = 1;
			remoteGlobalIDString = 1A78546F1E5D605D00C89EFF;
			remoteInfo = MessagesExtension;
		};
/* End PBXContainerItemProxy section */

/* Begin PBXCopyFilesBuildPhase section */
		1A7854851E5D605D00C89EFF /* Embed App Extensions */ = {
			isa = PBXCopyFilesBuildPhase;
			buildActionMask = 2147483647;
			dstPath = "";
			dstSubfolderSpec = 13;
			files = (
				1A7854711E5D605D00C89EFF /* MessagesExtension.appex in Embed App Extensions */,
			);
			name = "Embed App Extensions";
			runOnlyForDeploymentPostprocessing = 0;
		};
/* End PBXCopyFilesBuildPhase section */

/* Begin PBXFileReference section */
		1A7854661E5D605D00C89EFF /* Chomp.app */ = {isa = PBXFileReference; explicitFileType = wrapper.application; includeInIndex = 0; path = Chomp.app; sourceTree = BUILT_PRODUCTS_DIR; };
		1A7854691E5D605D00C89EFF /* Assets.xcassets */ = {isa = PBXFileReference; lastKnownFileType = folder.assetcatalog; path = Assets.xcassets; sourceTree = "<group>"; };
		1A78546B1E5D605D00C89EFF /* Info.plist */ = {isa = PBXFileReference; lastKnownFileType = text.plist.xml; path = Info.plist; sourceTree = "<group>"; };
		1A7854701E5D605D00C89EFF /* MessagesExtension.appex */ = {isa = PBXFileReference; explicitFileType = "wrapper.app-extension"; includeInIndex = 0; path = MessagesExtension.appex; sourceTree = BUILT_PRODUCTS_DIR; };
		1A7854751E5D605D00C89EFF /* Messages.framework */ = {isa = PBXFileReference; lastKnownFileType = wrapper.framework; name = Messages.framework; path = System/Library/Frameworks/Messages.framework; sourceTree = SDKROOT; };
		1A7854781E5D605D00C89EFF /* MessagesViewController.swift */ = {isa = PBXFileReference; lastKnownFileType = sourcecode.swift; path = MessagesViewController.swift; sourceTree = "<group>"; };
		1A78547B1E5D605D00C89EFF /* Base */ = {isa = PBXFileReference; lastKnownFileType = file.storyboard; name = Base; path = Base.lproj/MainInterface.storyboard; sourceTree = "<group>"; };
		1A78547D1E5D605D00C89EFF /* Assets.xcassets */ = {isa = PBXFileReference; lastKnownFileType = folder.assetcatalog; path = Assets.xcassets; sourceTree = "<group>"; };
		1A78547F1E5D605D00C89EFF /* Info.plist */ = {isa = PBXFileReference; lastKnownFileType = text.plist.xml; path = Info.plist; sourceTree = "<group>"; };
		1A7854891E5D891300C89EFF /* GameBoard.swift */ = {isa = PBXFileReference; fileEncoding = 4; lastKnownFileType = sourcecode.swift; path = GameBoard.swift; sourceTree = "<group>"; };
		1A78548D1E60A17D00C89EFF /* chocolate.png */ = {isa = PBXFileReference; lastKnownFileType = image.png; path = chocolate.png; sourceTree = "<group>"; };
/* End PBXFileReference section */

/* Begin PBXFrameworksBuildPhase section */
		1A78546D1E5D605D00C89EFF /* Frameworks */ = {
			isa = PBXFrameworksBuildPhase;
			buildActionMask = 2147483647;
			files = (
				1A7854761E5D605D00C89EFF /* Messages.framework in Frameworks */,
			);
			runOnlyForDeploymentPostprocessing = 0;
		};
/* End PBXFrameworksBuildPhase section */

/* Begin PBXGroup section */
		1A78545F1E5D605D00C89EFF = {
			isa = PBXGroup;
			children = (
				1A7854681E5D605D00C89EFF /* Chomp */,
				1A7854771E5D605D00C89EFF /* MessagesExtension */,
				1A7854741E5D605D00C89EFF /* Frameworks */,
				1A7854671E5D605D00C89EFF /* Products */,
			);
			sourceTree = "<group>";
		};
		1A7854671E5D605D00C89EFF /* Products */ = {
			isa = PBXGroup;
			children = (
				1A7854661E5D605D00C89EFF /* Chomp.app */,
				1A7854701E5D605D00C89EFF /* MessagesExtension.appex */,
			);
			name = Products;
			sourceTree = "<group>";
		};
		1A7854681E5D605D00C89EFF /* Chomp */ = {
			isa = PBXGroup;
			children = (
				1A7854691E5D605D00C89EFF /* Assets.xcassets */,
				1A78546B1E5D605D00C89EFF /* Info.plist */,
			);
			path = Chomp;
			sourceTree = "<group>";
		};
		1A7854741E5D605D00C89EFF /* Frameworks */ = {
			isa = PBXGroup;
			children = (
				1A7854751E5D605D00C89EFF /* Messages.framework */,
			);
			name = Frameworks;
			sourceTree = "<group>";
		};
		1A7854771E5D605D00C89EFF /* MessagesExtension */ = {
			isa = PBXGroup;
			children = (
				1A7854781E5D605D00C89EFF /* MessagesViewController.swift */,
				1A78547A1E5D605D00C89EFF /* MainInterface.storyboard */,
				1A7854891E5D891300C89EFF /* GameBoard.swift */,
				1A78547D1E5D605D00C89EFF /* Assets.xcassets */,
				1A78548D1E60A17D00C89EFF /* chocolate.png */,
				1A78547F1E5D605D00C89EFF /* Info.plist */,
			);
			path = MessagesExtension;
			sourceTree = "<group>";
		};
/* End PBXGroup section */

/* Begin PBXNativeTarget section */
		1A7854651E5D605D00C89EFF /* Chomp */ = {
			isa = PBXNativeTarget;
			buildConfigurationList = 1A7854861E5D605D00C89EFF /* Build configuration list for PBXNativeTarget "Chomp" */;
			buildPhases = (
				1A7854641E5D605D00C89EFF /* Resources */,
				1A7854851E5D605D00C89EFF /* Embed App Extensions */,
			);
			buildRules = (
			);
			dependencies = (
				1A7854731E5D605D00C89EFF /* PBXTargetDependency */,
			);
			name = Chomp;
			productName = Chomp;
			productReference = 1A7854661E5D605D00C89EFF /* Chomp.app */;
			productType = "com.apple.product-type.application.messages";
		};
		1A78546F1E5D605D00C89EFF /* MessagesExtension */ = {
			isa = PBXNativeTarget;
			buildConfigurationList = 1A7854821E5D605D00C89EFF /* Build configuration list for PBXNativeTarget "MessagesExtension" */;
			buildPhases = (
				1A78546C1E5D605D00C89EFF /* Sources */,
				1A78546D1E5D605D00C89EFF /* Frameworks */,
				1A78546E1E5D605D00C89EFF /* Resources */,
			);
			buildRules = (
			);
			dependencies = (
			);
			name = MessagesExtension;
			productName = MessagesExtension;
			productReference = 1A7854701E5D605D00C89EFF /* MessagesExtension.appex */;
			productType = "com.apple.product-type.app-extension.messages";
		};
/* End PBXNativeTarget section */

/* Begin PBXProject section */
		1A7854601E5D605D00C89EFF /* Project object */ = {
			isa = PBXProject;
			attributes = {
				LastSwiftUpdateCheck = 0820;
				LastUpgradeCheck = 0820;
				ORGANIZATIONNAME = "David Chavez";
				TargetAttributes = {
					1A7854651E5D605D00C89EFF = {
						CreatedOnToolsVersion = 8.2.1;
						DevelopmentTeam = 5M837UYS2G;
						ProvisioningStyle = Automatic;
					};
					1A78546F1E5D605D00C89EFF = {
						CreatedOnToolsVersion = 8.2.1;
						DevelopmentTeam = 5M837UYS2G;
						ProvisioningStyle = Automatic;
					};
				};
			};
			buildConfigurationList = 1A7854631E5D605D00C89EFF /* Build configuration list for PBXProject "Chomp" */;
			compatibilityVersion = "Xcode 3.2";
			developmentRegion = English;
			hasScannedForEncodings = 0;
			knownRegions = (
				en,
				Base,
			);
			mainGroup = 1A78545F1E5D605D00C89EFF;
			productRefGroup = 1A7854671E5D605D00C89EFF /* Products */;
			projectDirPath = "";
			projectRoot = "";
			targets = (
				1A7854651E5D605D00C89EFF /* Chomp */,
				1A78546F1E5D605D00C89EFF /* MessagesExtension */,
			);
		};
/* End PBXProject section */

/* Begin PBXResourcesBuildPhase section */
		1A7854641E5D605D00C89EFF /* Resources */ = {
			isa = PBXResourcesBuildPhase;
			buildActionMask = 2147483647;
			files = (
				1A78546A1E5D605D00C89EFF /* Assets.xcassets in Resources */,
			);
			runOnlyForDeploymentPostprocessing = 0;
		};
		1A78546E1E5D605D00C89EFF /* Resources */ = {
			isa = PBXResourcesBuildPhase;
			buildActionMask = 2147483647;
			files = (
				1A78547E1E5D605D00C89EFF /* Assets.xcassets in Resources */,
				1A78547C1E5D605D00C89EFF /* MainInterface.storyboard in Resources */,
				1A78548E1E60A17D00C89EFF /* chocolate.png in Resources */,
			);
			runOnlyForDeploymentPostprocessing = 0;
		};
/* End PBXResourcesBuildPhase section */

/* Begin PBXSourcesBuildPhase section */
		1A78546C1E5D605D00C89EFF /* Sources */ = {
			isa = PBXSourcesBuildPhase;
			buildActionMask = 2147483647;
			files = (
				1A78548A1E5D891300C89EFF /* GameBoard.swift in Sources */,
				1A7854791E5D605D00C89EFF /* MessagesViewController.swift in Sources */,
			);
			runOnlyForDeploymentPostprocessing = 0;
		};
/* End PBXSourcesBuildPhase section */

/* Begin PBXTargetDependency section */
		1A7854731E5D605D00C89EFF /* PBXTargetDependency */ = {
			isa = PBXTargetDependency;
			target = 1A78546F1E5D605D00C89EFF /* MessagesExtension */;
			targetProxy = 1A7854721E5D605D00C89EFF /* PBXContainerItemProxy */;
		};
/* End PBXTargetDependency section */

/* Begin PBXVariantGroup section */
		1A78547A1E5D605D00C89EFF /* MainInterface.storyboard */ = {
			isa = PBXVariantGroup;
			children = (
				1A78547B1E5D605D00C89EFF /* Base */,
			);
			name = MainInterface.storyboard;
			sourceTree = "<group>";
		};
/* End PBXVariantGroup section */

/* Begin XCBuildConfiguration section */
		1A7854801E5D605D00C89EFF /* Debug */ = {
			isa = XCBuildConfiguration;
			buildSettings = {
				ALWAYS_SEARCH_USER_PATHS = NO;
				CLANG_ANALYZER_NONNULL = YES;
				CLANG_CXX_LANGUAGE_STANDARD = "gnu++0x";
				CLANG_CXX_LIBRARY = "libc++";
				CLANG_ENABLE_MODULES = YES;
				CLANG_ENABLE_OBJC_ARC = YES;
				CLANG_WARN_BOOL_CONVERSION = YES;
				CLANG_WARN_CONSTANT_CONVERSION = YES;
				CLANG_WARN_DIRECT_OBJC_ISA_USAGE = YES_ERROR;
				CLANG_WARN_DOCUMENTATION_COMMENTS = YES;
				CLANG_WARN_EMPTY_BODY = YES;
				CLANG_WARN_ENUM_CONVERSION = YES;
				CLANG_WARN_INFINITE_RECURSION = YES;
				CLANG_WARN_INT_CONVERSION = YES;
				CLANG_WARN_OBJC_ROOT_CLASS = YES_ERROR;
				CLANG_WARN_SUSPICIOUS_MOVE = YES;
				CLANG_WARN_UNREACHABLE_CODE = YES;
				CLANG_WARN__DUPLICATE_METHOD_MATCH = YES;
				"CODE_SIGN_IDENTITY[sdk=iphoneos*]" = "iPhone Developer";
				COPY_PHASE_STRIP = NO;
				DEBUG_INFORMATION_FORMAT = dwarf;
				ENABLE_STRICT_OBJC_MSGSEND = YES;
				ENABLE_TESTABILITY = YES;
				GCC_C_LANGUAGE_STANDARD = gnu99;
				GCC_DYNAMIC_NO_PIC = NO;
				GCC_NO_COMMON_BLOCKS = YES;
				GCC_OPTIMIZATION_LEVEL = 0;
				GCC_PREPROCESSOR_DEFINITIONS = (
					"DEBUG=1",
					"$(inherited)",
				);
				GCC_WARN_64_TO_32_BIT_CONVERSION = YES;
				GCC_WARN_ABOUT_RETURN_TYPE = YES_ERROR;
				GCC_WARN_UNDECLARED_SELECTOR = YES;
				GCC_WARN_UNINITIALIZED_AUTOS = YES_AGGRESSIVE;
				GCC_WARN_UNUSED_FUNCTION = YES;
				GCC_WARN_UNUSED_VARIABLE = YES;
				IPHONEOS_DEPLOYMENT_TARGET = 10.2;
				MTL_ENABLE_DEBUG_INFO = YES;
				ONLY_ACTIVE_ARCH = YES;
				SDKROOT = iphoneos;
				SWIFT_ACTIVE_COMPILATION_CONDITIONS = DEBUG;
				SWIFT_OPTIMIZATION_LEVEL = "-Onone";
				TARGETED_DEVICE_FAMILY = "1,2";
			};
			name = Debug;
		};
		1A7854811E5D605D00C89EFF /* Release */ = {
			isa = XCBuildConfiguration;
			buildSettings = {
				ALWAYS_SEARCH_USER_PATHS = NO;
				CLANG_ANALYZER_NONNULL = YES;
				CLANG_CXX_LANGUAGE_STANDARD = "gnu++0x";
				CLANG_CXX_LIBRARY = "libc++";
				CLANG_ENABLE_MODULES = YES;
				CLANG_ENABLE_OBJC_ARC = YES;
				CLANG_WARN_BOOL_CONVERSION = YES;
				CLANG_WARN_CONSTANT_CONVERSION = YES;
				CLANG_WARN_DIRECT_OBJC_ISA_USAGE = YES_ERROR;
				CLANG_WARN_DOCUMENTATION_COMMENTS = YES;
				CLANG_WARN_EMPTY_BODY = YES;
				CLANG_WARN_ENUM_CONVERSION = YES;
				CLANG_WARN_INFINITE_RECURSION = YES;
				CLANG_WARN_INT_CONVERSION = YES;
				CLANG_WARN_OBJC_ROOT_CLASS = YES_ERROR;
				CLANG_WARN_SUSPICIOUS_MOVE = YES;
				CLANG_WARN_UNREACHABLE_CODE = YES;
				CLANG_WARN__DUPLICATE_METHOD_MATCH = YES;
				"CODE_SIGN_IDENTITY[sdk=iphoneos*]" = "iPhone Developer";
				COPY_PHASE_STRIP = NO;
				DEBUG_INFORMATION_FORMAT = "dwarf-with-dsym";
				ENABLE_NS_ASSERTIONS = NO;
				ENABLE_STRICT_OBJC_MSGSEND = YES;
				GCC_C_LANGUAGE_STANDARD = gnu99;
				GCC_NO_COMMON_BLOCKS = YES;
				GCC_WARN_64_TO_32_BIT_CONVERSION = YES;
				GCC_WARN_ABOUT_RETURN_TYPE = YES_ERROR;
				GCC_WARN_UNDECLARED_SELECTOR = YES;
				GCC_WARN_UNINITIALIZED_AUTOS = YES_AGGRESSIVE;
				GCC_WARN_UNUSED_FUNCTION = YES;
				GCC_WARN_UNUSED_VARIABLE = YES;
				IPHONEOS_DEPLOYMENT_TARGET = 10.2;
				MTL_ENABLE_DEBUG_INFO = NO;
				SDKROOT = iphoneos;
				SWIFT_OPTIMIZATION_LEVEL = "-Owholemodule";
				TARGETED_DEVICE_FAMILY = "1,2";
				VALIDATE_PRODUCT = YES;
			};
			name = Release;
		};
		1A7854831E5D605D00C89EFF /* Debug */ = {
			isa = XCBuildConfiguration;
			buildSettings = {
				ASSETCATALOG_COMPILER_APPICON_NAME = "iMessage App Icon";
				DEVELOPMENT_TEAM = 5M837UYS2G;
				INFOPLIST_FILE = MessagesExtension/Info.plist;
				LD_RUNPATH_SEARCH_PATHS = "$(inherited) @executable_path/Frameworks @executable_path/../../Frameworks";
				PRODUCT_BUNDLE_IDENTIFIER = com.davidchavez.Chomp.MessagesExtension;
				PRODUCT_NAME = "$(TARGET_NAME)";
				SKIP_INSTALL = YES;
				SWIFT_VERSION = 3.0;
			};
			name = Debug;
		};
		1A7854841E5D605D00C89EFF /* Release */ = {
			isa = XCBuildConfiguration;
			buildSettings = {
				ASSETCATALOG_COMPILER_APPICON_NAME = "iMessage App Icon";
				DEVELOPMENT_TEAM = 5M837UYS2G;
				INFOPLIST_FILE = MessagesExtension/Info.plist;
				LD_RUNPATH_SEARCH_PATHS = "$(inherited) @executable_path/Frameworks @executable_path/../../Frameworks";
				PRODUCT_BUNDLE_IDENTIFIER = com.davidchavez.Chomp.MessagesExtension;
				PRODUCT_NAME = "$(TARGET_NAME)";
				SKIP_INSTALL = YES;
				SWIFT_VERSION = 3.0;
			};
			name = Release;
		};
		1A7854871E5D605D00C89EFF /* Debug */ = {
			isa = XCBuildConfiguration;
			buildSettings = {
				ALWAYS_EMBED_SWIFT_STANDARD_LIBRARIES = YES;
				ASSETCATALOG_COMPILER_APPICON_NAME = AppIcon;
				DEVELOPMENT_TEAM = 5M837UYS2G;
				INFOPLIST_FILE = Chomp/Info.plist;
				PRODUCT_BUNDLE_IDENTIFIER = com.davidchavez.Chomp;
				PRODUCT_NAME = "$(TARGET_NAME)";
				SWIFT_VERSION = 3.0;
			};
			name = Debug;
		};
		1A7854881E5D605D00C89EFF /* Release */ = {
			isa = XCBuildConfiguration;
			buildSettings = {
				ALWAYS_EMBED_SWIFT_STANDARD_LIBRARIES = YES;
				ASSETCATALOG_COMPILER_APPICON_NAME = AppIcon;
				DEVELOPMENT_TEAM = 5M837UYS2G;
				INFOPLIST_FILE = Chomp/Info.plist;
				PRODUCT_BUNDLE_IDENTIFIER = com.davidchavez.Chomp;
				PRODUCT_NAME = "$(TARGET_NAME)";
				SWIFT_VERSION = 3.0;
			};
			name = Release;
		};
/* End XCBuildConfiguration section */

/* Begin XCConfigurationList section */
		1A7854631E5D605D00C89EFF /* Build configuration list for PBXProject "Chomp" */ = {
			isa = XCConfigurationList;
			buildConfigurations = (
				1A7854801E5D605D00C89EFF /* Debug */,
				1A7854811E5D605D00C89EFF /* Release */,
			);
			defaultConfigurationIsVisible = 0;
			defaultConfigurationName = Release;
		};
		1A7854821E5D605D00C89EFF /* Build configuration list for PBXNativeTarget "MessagesExtension" */ = {
			isa = XCConfigurationList;
			buildConfigurations = (
				1A7854831E5D605D00C89EFF /* Debug */,
				1A7854841E5D605D00C89EFF /* Release */,
			);
			defaultConfigurationIsVisible = 0;
			defaultConfigurationName = Release;
		};
		1A7854861E5D605D00C89EFF /* Build configuration list for PBXNativeTarget "Chomp" */ = {
			isa = XCConfigurationList;
			buildConfigurations = (
				1A7854871E5D605D00C89EFF /* Debug */,
				1A7854881E5D605D00C89EFF /* Release */,
			);
			defaultConfigurationIsVisible = 0;
			defaultConfigurationName = Release;
		};
/* End XCConfigurationList section */
	};
	rootObject = 1A7854601E5D605D00C89EFF /* Project object */;
}
